
Microsoft Visual Studio Solution File, Format Version 12.00
# Visual Studio Version 17
VisualStudioVersion = 17.0.32014.148
MinimumVisualStudioVersion = 10.0.40219.1
Project("{FAE04EC0-301F-11D3-BF4B-00C04F79EFBC}") = "ATIS_lab4_var6", "ATIS_lab4_var6\ATIS_lab4_var6.csproj", "{0DC2DEC0-A594-46C9-A977-F6163863F948}"
EndProject
Global
	GlobalSection(SolutionConfigurationPlatforms) = preSolution
		Debug|Any CPU = Debug|Any CPU
		Release|Any CPU = Release|Any CPU
	EndGlobalSection
	GlobalSection(ProjectConfigurationPlatforms) = postSolution
		{0DC2DEC0-A594-46C9-A977-F6163863F948}.Debug|Any CPU.ActiveCfg = Debug|Any CPU
		{0DC2DEC0-A594-46C9-A977-F6163863F948}.Debug|Any CPU.Build.0 = Debug|Any CPU
		{0DC2DEC0-A594-46C9-A977-F6163863F948}.Release|Any CPU.ActiveCfg = Release|Any CPU
		{0DC2DEC0-A594-46C9-A977-F6163863F948}.Release|Any CPU.Build.0 = Release|Any CPU
	EndGlobalSection
	GlobalSection(SolutionProperties) = preSolution
		HideSolutionNode = FALSE
	EndGlobalSection
	GlobalSection(ExtensibilityGlobals) = postSolution
		SolutionGuid = {A984E48E-B947-485B-80D7-4D99071AFFC5}
	EndGlobalSection
EndGlobal
